{
  "name": "@egjs/ngx-infinitegrid",
  "version": "3.0.5",
  "lockfileVersion": 1,
  "requires": true,
  "dependencies": {
    "@egjs/component": {
      "version": "2.1.2",
      "resolved": "https://registry.npmjs.org/@egjs/component/-/component-2.1.2.tgz",
      "integrity": "sha512-7tnPiqxbSZ0porzlm0+/O3qZdanMj0zOq0sb17wQXuaRG49XKKKJaO+SacGnZDqf308N5hzJ0m9fZ4+j+VBvXA=="
    },
    "@egjs/infinitegrid": {
      "version": "3.6.3",
      "resolved": "https://registry.npmjs.org/@egjs/infinitegrid/-/infinitegrid-3.6.3.tgz",
      "integrity": "sha512-GELg3eeOjIvk6DkUB61sab2eyV8yJHB2npR7mHmp0rjGf3nJoEBR6A1FqjIrAtT+NjseBxTP2EqYRyI9CwhrIA==",
      "requires": {
        "@egjs/component": "^2.1.2",
        "@egjs/lazyloaded": "0.0.2",
        "@egjs/list-differ": "^1.0.0"
      }
    },
    "@egjs/lazyloaded": {
      "version": "0.0.2",
      "resolved": "https://registry.npmjs.org/@egjs/lazyloaded/-/lazyloaded-0.0.2.tgz",
      "integrity": "sha512-UWgJCDHxsEP/sF+ztwl8F79rP1RHmlwG5ur0fFUT6RgaqKN6aQTnuYm9G/MQB48mWpw/tsY80Ha7xhvhryl+FA==",
      "requires": {
        "@egjs/component": "^2.1.2"
      }
    },
    "@egjs/list-differ": {
      "version": "1.0.0",
      "resolved": "https://registry.npmjs.org/@egjs/list-differ/-/list-differ-1.0.0.tgz",
      "integrity": "sha512-HsbMKc0ZAQH+EUeCmI/2PvTYSybmkaWwakU8QGDYYgMVIg9BQ5sM0A0Nnombjxo2+JzXHxmH+jw//yGX+y6GYw=="
    }
  }
}
