{
  "name": "@egjs/ngx-infinitegrid",
  "version": "3.2.2",
  "lockfileVersion": 1,
  "requires": true,
  "dependencies": {
    "@egjs/component": {
      "version": "2.2.2",
      "resolved": "https://registry.npmjs.org/@egjs/component/-/component-2.2.2.tgz",
      "integrity": "sha512-2m6nu6/Mbs6VnoT4IHFGUBX6V82Zp01zDmlWpIJ3fMatHpe7BB1qUYFgMmSWGY0uOvOl4plvflwbCRUAGMfwWQ=="
    },
    "@egjs/imready": {
      "version": "1.1.2",
      "resolved": "https://registry.npmjs.org/@egjs/imready/-/imready-1.1.2.tgz",
      "integrity": "sha512-spvuv/hNoyWYdpgYCGt4JIDk0e+3Ce5XcXazSTcF4xBuYKLeKp9tqRRORsPYsaiAfvZR0FKYG8haq0Sx2k+cqQ==",
      "requires": {
        "@egjs/component": "^2.2.2"
      }
    },
    "@egjs/infinitegrid": {
      "version": "3.8.1",
      "resolved": "https://registry.npmjs.org/@egjs/infinitegrid/-/infinitegrid-3.8.1.tgz",
      "integrity": "sha512-hbbzmMk4mkIxZCizjRQziELYVlzock6QcBHYmu+X0jsOOqbJO0xlnOEPnn3qGja5aWnw864mXWIIQO5aoGo3FA==",
      "requires": {
        "@egjs/component": "^2.2.2",
        "@egjs/imready": "^1.1.2",
        "@egjs/list-differ": "^1.0.0"
      }
    },
    "@egjs/list-differ": {
      "version": "1.0.0",
      "resolved": "https://registry.npmjs.org/@egjs/list-differ/-/list-differ-1.0.0.tgz",
      "integrity": "sha512-HsbMKc0ZAQH+EUeCmI/2PvTYSybmkaWwakU8QGDYYgMVIg9BQ5sM0A0Nnombjxo2+JzXHxmH+jw//yGX+y6GYw=="
    }
  }
}
